
Microsoft Visual Studio Solution File, Format Version 12.00
# Visual Studio Version 16
VisualStudioVersion = 16.0.29519.87
MinimumVisualStudioVersion = 10.0.40219.1
Project("{9A19103F-16F7-4668-BE54-9A1E7A4F7556}") = "Messages.Api", "Messages.Api\Messages.Api.csproj", "{085A0253-AE48-462C-BB94-C84998F67991}"
EndProject
Project("{9A19103F-16F7-4668-BE54-9A1E7A4F7556}") = "Messages.Tests", "Messages.Tests\Messages.Tests.csproj", "{0BF48F7E-D68E-41B1-B1E8-73C0FFF2C192}"
EndProject
Project("{2150E333-8FDC-42A3-9474-1A3956D46DE8}") = "Solution Items", "Solution Items", "{21FBCE75-45F7-4DB8-9F71-D057AD8DABE6}"
	ProjectSection(SolutionItems) = preProject
		.dockerignore = .dockerignore
		.editorconfig = .editorconfig
		.gitignore = .gitignore
		codebuild\buildspec.benchmark.yml = codebuild\buildspec.benchmark.yml
		codebuild\buildspec.ecr.yml = codebuild\buildspec.ecr.yml
		codebuild\buildspec.test.yml = codebuild\buildspec.test.yml
		docker-compose.yml = docker-compose.yml
		Dockerfile = Dockerfile
		global.json = global.json
		README.md = README.md
	EndProjectSection
EndProject
Project("{9A19103F-16F7-4668-BE54-9A1E7A4F7556}") = "Messages.Helpers", "Messages.Helpers\Messages.Helpers.csproj", "{8535430B-92DB-4C95-9D2C-1DB6CF5F3956}"
EndProject
Project("{9A19103F-16F7-4668-BE54-9A1E7A4F7556}") = "Messages.Benchmark", "Messages.Benchmark\Messages.Benchmark.csproj", "{AD00B0E3-C0D6-4CC5-80A3-D013AC3E1F1F}"
EndProject
Global
	GlobalSection(SolutionConfigurationPlatforms) = preSolution
		Debug|Any CPU = Debug|Any CPU
		Release|Any CPU = Release|Any CPU
	EndGlobalSection
	GlobalSection(ProjectConfigurationPlatforms) = postSolution
		{085A0253-AE48-462C-BB94-C84998F67991}.Debug|Any CPU.ActiveCfg = Debug|Any CPU
		{085A0253-AE48-462C-BB94-C84998F67991}.Debug|Any CPU.Build.0 = Debug|Any CPU
		{085A0253-AE48-462C-BB94-C84998F67991}.Release|Any CPU.ActiveCfg = Release|Any CPU
		{085A0253-AE48-462C-BB94-C84998F67991}.Release|Any CPU.Build.0 = Release|Any CPU
		{0BF48F7E-D68E-41B1-B1E8-73C0FFF2C192}.Debug|Any CPU.ActiveCfg = Debug|Any CPU
		{0BF48F7E-D68E-41B1-B1E8-73C0FFF2C192}.Debug|Any CPU.Build.0 = Debug|Any CPU
		{0BF48F7E-D68E-41B1-B1E8-73C0FFF2C192}.Release|Any CPU.ActiveCfg = Release|Any CPU
		{0BF48F7E-D68E-41B1-B1E8-73C0FFF2C192}.Release|Any CPU.Build.0 = Release|Any CPU
		{8535430B-92DB-4C95-9D2C-1DB6CF5F3956}.Debug|Any CPU.ActiveCfg = Debug|Any CPU
		{8535430B-92DB-4C95-9D2C-1DB6CF5F3956}.Debug|Any CPU.Build.0 = Debug|Any CPU
		{8535430B-92DB-4C95-9D2C-1DB6CF5F3956}.Release|Any CPU.ActiveCfg = Release|Any CPU
		{8535430B-92DB-4C95-9D2C-1DB6CF5F3956}.Release|Any CPU.Build.0 = Release|Any CPU
		{AD00B0E3-C0D6-4CC5-80A3-D013AC3E1F1F}.Debug|Any CPU.ActiveCfg = Debug|Any CPU
		{AD00B0E3-C0D6-4CC5-80A3-D013AC3E1F1F}.Debug|Any CPU.Build.0 = Debug|Any CPU
		{AD00B0E3-C0D6-4CC5-80A3-D013AC3E1F1F}.Release|Any CPU.ActiveCfg = Release|Any CPU
		{AD00B0E3-C0D6-4CC5-80A3-D013AC3E1F1F}.Release|Any CPU.Build.0 = Release|Any CPU
	EndGlobalSection
	GlobalSection(SolutionProperties) = preSolution
		HideSolutionNode = FALSE
	EndGlobalSection
	GlobalSection(ExtensibilityGlobals) = postSolution
		SolutionGuid = {B7FD81E4-6E96-4963-93BB-2228A4ADC19E}
	EndGlobalSection
EndGlobal
